
Microsoft Visual Studio Solution File, Format Version 12.00
# Visual Studio 15
VisualStudioVersion = 15.0.27130.2010
MinimumVisualStudioVersion = 10.0.40219.1
Project("{FAE04EC0-301F-11D3-BF4B-00C04F79EFBC}") = "DomainLogging", "DomainLogging\DomainLogging.csproj", "{E43C9B3C-3032-4804-B402-4DFD3D04BF03}"
EndProject
Project("{00D1A9C2-B5F0-4AF3-8072-F6C62B433612}") = "DLDB", "DLDB\DLDB.sqlproj", "{2CE0E85D-52B9-4F71-A52D-6FCA9B30146C}"
EndProject
Project("{FAE04EC0-301F-11D3-BF4B-00C04F79EFBC}") = "DomainLoggingView", "DomainLoggingView\DomainLoggingView.csproj", "{F70C4946-E409-47BB-8F40-DF2C4308C8F1}"
EndProject
Project("{FAE04EC0-301F-11D3-BF4B-00C04F79EFBC}") = "TeamViewerId", "TeamViewerId\TeamViewerId.csproj", "{F6ECDBC3-98B9-4CD5-8BC8-DC10858F5770}"
EndProject
Global
	GlobalSection(SolutionConfigurationPlatforms) = preSolution
		Debug|Any CPU = Debug|Any CPU
		Release|Any CPU = Release|Any CPU
	EndGlobalSection
	GlobalSection(ProjectConfigurationPlatforms) = postSolution
		{E43C9B3C-3032-4804-B402-4DFD3D04BF03}.Debug|Any CPU.ActiveCfg = Debug|Any CPU
		{E43C9B3C-3032-4804-B402-4DFD3D04BF03}.Debug|Any CPU.Build.0 = Debug|Any CPU
		{E43C9B3C-3032-4804-B402-4DFD3D04BF03}.Release|Any CPU.ActiveCfg = Release|Any CPU
		{E43C9B3C-3032-4804-B402-4DFD3D04BF03}.Release|Any CPU.Build.0 = Release|Any CPU
		{2CE0E85D-52B9-4F71-A52D-6FCA9B30146C}.Debug|Any CPU.ActiveCfg = Debug|Any CPU
		{2CE0E85D-52B9-4F71-A52D-6FCA9B30146C}.Debug|Any CPU.Build.0 = Debug|Any CPU
		{2CE0E85D-52B9-4F71-A52D-6FCA9B30146C}.Debug|Any CPU.Deploy.0 = Debug|Any CPU
		{2CE0E85D-52B9-4F71-A52D-6FCA9B30146C}.Release|Any CPU.ActiveCfg = Release|Any CPU
		{2CE0E85D-52B9-4F71-A52D-6FCA9B30146C}.Release|Any CPU.Build.0 = Release|Any CPU
		{2CE0E85D-52B9-4F71-A52D-6FCA9B30146C}.Release|Any CPU.Deploy.0 = Release|Any CPU
		{F70C4946-E409-47BB-8F40-DF2C4308C8F1}.Debug|Any CPU.ActiveCfg = Debug|Any CPU
		{F70C4946-E409-47BB-8F40-DF2C4308C8F1}.Debug|Any CPU.Build.0 = Debug|Any CPU
		{F70C4946-E409-47BB-8F40-DF2C4308C8F1}.Release|Any CPU.ActiveCfg = Release|Any CPU
		{F70C4946-E409-47BB-8F40-DF2C4308C8F1}.Release|Any CPU.Build.0 = Release|Any CPU
		{F6ECDBC3-98B9-4CD5-8BC8-DC10858F5770}.Debug|Any CPU.ActiveCfg = Debug|Any CPU
		{F6ECDBC3-98B9-4CD5-8BC8-DC10858F5770}.Debug|Any CPU.Build.0 = Debug|Any CPU
		{F6ECDBC3-98B9-4CD5-8BC8-DC10858F5770}.Release|Any CPU.ActiveCfg = Release|Any CPU
		{F6ECDBC3-98B9-4CD5-8BC8-DC10858F5770}.Release|Any CPU.Build.0 = Release|Any CPU
	EndGlobalSection
	GlobalSection(SolutionProperties) = preSolution
		HideSolutionNode = FALSE
	EndGlobalSection
	GlobalSection(ExtensibilityGlobals) = postSolution
		SolutionGuid = {4EA95E1E-C603-4443-882E-4030F7DC75EE}
	EndGlobalSection
EndGlobal
